# THIS IS AN AUTOGENERATED FILE. DO NOT EDIT THIS FILE DIRECTLY.
# yarn lockfile v1


"@microsoft/api-documenter@^1.5.29":
  version "1.5.29"
  resolved "https://registry.yarnpkg.com/@microsoft/api-documenter/-/api-documenter-1.5.29.tgz#61fd9d647880161bb7c0efbec24452e15c70a798"
  dependencies:
    "@microsoft/api-extractor" "5.13.0"
    "@microsoft/node-core-library" "3.0.1"
    "@microsoft/ts-command-line" "4.2.2"
    colors "~1.2.1"
    js-yaml "~3.9.1"

"@microsoft/api-extractor@5.13.0", "@microsoft/api-extractor@^5.13.0":
  version "5.13.0"
  resolved "https://registry.yarnpkg.com/@microsoft/api-extractor/-/api-extractor-5.13.0.tgz#5bc09b6abb8f4fe6a63c0be79fa0f6101289ca87"
  dependencies:
    "@microsoft/node-core-library" "3.0.1"
    "@microsoft/ts-command-line" "4.2.2"
    "@types/node" "8.5.8"
    "@types/z-schema" "3.16.31"
    colors "~1.2.1"
    jju "~1.3.0"
    lodash "~4.17.5"
    typescript "~3.0.1"
    z-schema "~3.18.3"

"@microsoft/node-core-library@3.0.1":
  version "3.0.1"
  resolved "https://registry.yarnpkg.com/@microsoft/node-core-library/-/node-core-library-3.0.1.tgz#f7c8d261c187c36baa597a84cfbdab7aa7513c53"
  dependencies:
    "@types/fs-extra" "5.0.1"
    "@types/node" "8.5.8"
    "@types/z-schema" "3.16.31"
    fs-extra "~5.0.0"
    jju "~1.3.0"
    z-schema "~3.18.3"

"@microsoft/ts-command-line@4.2.2":
  version "4.2.2"
  resolved "https://registry.yarnpkg.com/@microsoft/ts-command-line/-/ts-command-line-4.2.2.tgz#106dcc18acdf8420da2b5b924e135c060cb7c0ab"
  dependencies:
    "@types/argparse" "1.0.33"
    "@types/node" "8.5.8"
    argparse "~1.0.9"
    colors "~1.2.1"

"@types/argparse@1.0.33":
  version "1.0.33"
  resolved "https://registry.yarnpkg.com/@types/argparse/-/argparse-1.0.33.tgz#2728669427cdd74a99e53c9f457ca2866a37c52d"

"@types/faker@^4.1.4":
  version "4.1.4"
  resolved "https://registry.yarnpkg.com/@types/faker/-/faker-4.1.4.tgz#5e5bcd81a6ecf85fb6150f7eb857e755a09fd91f"

"@types/fs-extra@5.0.1":
  version "5.0.1"
  resolved "https://registry.yarnpkg.com/@types/fs-extra/-/fs-extra-5.0.1.tgz#cd856fbbdd6af2c11f26f8928fd8644c9e9616c9"
  dependencies:
    "@types/node" "*"

"@types/history@*":
  version "4.7.0"
  resolved "https://registry.yarnpkg.com/@types/history/-/history-4.7.0.tgz#2fac51050c68f7d6f96c5aafc631132522f4aa3f"

"@types/node@*":
  version "10.11.2"
  resolved "https://registry.yarnpkg.com/@types/node/-/node-10.11.2.tgz#59508b88ce90fe2742f7b8414c6f5db3e359570d"

"@types/node@8.5.8":
  version "8.5.8"
  resolved "https://registry.yarnpkg.com/@types/node/-/node-8.5.8.tgz#92509422653f10e9c0ac18d87e0610b39f9821c7"

"@types/prop-types@*":
  version "15.5.6"
  resolved "https://registry.yarnpkg.com/@types/prop-types/-/prop-types-15.5.6.tgz#9c03d3fed70a8d517c191b7734da2879b50ca26c"

"@types/react-dom@^16.0.8":
  version "16.0.8"
  resolved "https://registry.yarnpkg.com/@types/react-dom/-/react-dom-16.0.8.tgz#6e1366ed629cadf55860cbfcc25db533f5d2fa7d"
  dependencies:
    "@types/node" "*"
    "@types/react" "*"

"@types/react-router-dom@^4.3.1":
  version "4.3.1"
  resolved "https://registry.yarnpkg.com/@types/react-router-dom/-/react-router-dom-4.3.1.tgz#71fe2918f8f60474a891520def40a63997dafe04"
  dependencies:
    "@types/history" "*"
    "@types/react" "*"
    "@types/react-router" "*"

"@types/react-router@*":
  version "4.0.31"
  resolved "https://registry.yarnpkg.com/@types/react-router/-/react-router-4.0.31.tgz#416bac49d746800810886c7b8582a622ed9604fc"
  dependencies:
    "@types/history" "*"
    "@types/react" "*"

"@types/react@*", "@types/react@^16.4.14":
  version "16.4.14"
  resolved "https://registry.yarnpkg.com/@types/react/-/react-16.4.14.tgz#47c604c8e46ed674bbdf4aabf82b34b9041c6a04"
  dependencies:
    "@types/prop-types" "*"
    csstype "^2.2.0"

"@types/z-schema@3.16.31":
  version "3.16.31"
  resolved "https://registry.yarnpkg.com/@types/z-schema/-/z-schema-3.16.31.tgz#2eb1d00a5e4ec3fa58c76afde12e182b66dc5c1c"

argparse@^1.0.7, argparse@~1.0.9:
  version "1.0.10"
  resolved "https://registry.yarnpkg.com/argparse/-/argparse-1.0.10.tgz#bcd6791ea5ae09725e17e5ad988134cd40b3d911"
  dependencies:
    sprintf-js "~1.0.2"

bs-logger@0.x:
  version "0.2.5"
  resolved "https://registry.yarnpkg.com/bs-logger/-/bs-logger-0.2.5.tgz#1d82f0cf88864e1341cd9262237f8d0748a49b22"
  dependencies:
    fast-json-stable-stringify "^2.0.0"

buffer-from@1.x:
  version "1.1.1"
  resolved "https://registry.yarnpkg.com/buffer-from/-/buffer-from-1.1.1.tgz#32713bc028f75c02fdb710d7c7bcec1f2c6070ef"

camelcase@^4.1.0:
  version "4.1.0"
  resolved "https://registry.yarnpkg.com/camelcase/-/camelcase-4.1.0.tgz#d545635be1e33c542649c69173e5de6acfae34dd"

colors@~1.2.1:
  version "1.2.5"
  resolved "https://registry.yarnpkg.com/colors/-/colors-1.2.5.tgz#89c7ad9a374bc030df8013241f68136ed8835afc"

commander@^2.7.1:
  version "2.18.0"
  resolved "https://registry.yarnpkg.com/commander/-/commander-2.18.0.tgz#2bf063ddee7c7891176981a2cc798e5754bc6970"

csstype@^2.2.0:
  version "2.5.7"
  resolved "https://registry.yarnpkg.com/csstype/-/csstype-2.5.7.tgz#bf9235d5872141eccfb2d16d82993c6b149179ff"

esprima@^4.0.0:
  version "4.0.1"
  resolved "https://registry.yarnpkg.com/esprima/-/esprima-4.0.1.tgz#13b04cdb3e6c5d19df91ab6987a8695619b0aa71"

faker@^4.1.0:
  version "4.1.0"
  resolved "https://registry.yarnpkg.com/faker/-/faker-4.1.0.tgz#1e45bbbecc6774b3c195fad2835109c6d748cc3f"

fast-json-stable-stringify@2.x, fast-json-stable-stringify@^2.0.0:
  version "2.0.0"
  resolved "https://registry.yarnpkg.com/fast-json-stable-stringify/-/fast-json-stable-stringify-2.0.0.tgz#d5142c0caee6b1189f87d3a76111064f86c8bbf2"

fs-extra@~5.0.0:
  version "5.0.0"
  resolved "https://registry.yarnpkg.com/fs-extra/-/fs-extra-5.0.0.tgz#414d0110cdd06705734d055652c5411260c31abd"
  dependencies:
    graceful-fs "^4.1.2"
    jsonfile "^4.0.0"
    universalify "^0.1.0"

graceful-fs@^4.1.2, graceful-fs@^4.1.6:
  version "4.1.11"
  resolved "https://registry.yarnpkg.com/graceful-fs/-/graceful-fs-4.1.11.tgz#0e8bdfe4d1ddb8854d64e04ea7c00e2a026e5658"

hoist-non-react-statics@^2.5.0:
  version "2.5.5"
  resolved "https://registry.yarnpkg.com/hoist-non-react-statics/-/hoist-non-react-statics-2.5.5.tgz#c5903cf409c0dfd908f388e619d86b9c1174cb47"

jju@~1.3.0:
  version "1.3.0"
  resolved "https://registry.yarnpkg.com/jju/-/jju-1.3.0.tgz#dadd9ef01924bc728b03f2f7979bdbd62f7a2aaa"

js-yaml@~3.9.1:
  version "3.9.1"
  resolved "https://registry.yarnpkg.com/js-yaml/-/js-yaml-3.9.1.tgz#08775cebdfdd359209f0d2acd383c8f86a6904a0"
  dependencies:
    argparse "^1.0.7"
    esprima "^4.0.0"

json5@2.x:
  version "2.0.1"
  resolved "https://registry.yarnpkg.com/json5/-/json5-2.0.1.tgz#3d6d0d1066039eb50984e66a7840e4f4b7a2c660"
  dependencies:
    minimist "^1.2.0"

jsonfile@^4.0.0:
  version "4.0.0"
  resolved "https://registry.yarnpkg.com/jsonfile/-/jsonfile-4.0.0.tgz#8771aae0799b64076b76640fca058f9c10e33ecb"
  optionalDependencies:
    graceful-fs "^4.1.6"

lodash.get@^4.0.0:
  version "4.4.2"
  resolved "https://registry.yarnpkg.com/lodash.get/-/lodash.get-4.4.2.tgz#2d177f652fa31e939b4438d5341499dfa3825e99"

lodash.isequal@^4.0.0:
  version "4.5.0"
  resolved "https://registry.yarnpkg.com/lodash.isequal/-/lodash.isequal-4.5.0.tgz#415c4478f2bcc30120c22ce10ed3226f7d3e18e0"

lodash@^4.17.5, lodash@~4.17.5:
  version "4.17.11"
  resolved "https://registry.yarnpkg.com/lodash/-/lodash-4.17.11.tgz#b39ea6229ef607ecd89e2c8df12536891cac9b8d"

make-error@1.x:
  version "1.3.5"
  resolved "https://registry.yarnpkg.com/make-error/-/make-error-1.3.5.tgz#efe4e81f6db28cadd605c70f29c831b58ef776c8"

minimist@0.0.8:
  version "0.0.8"
  resolved "http://registry.npmjs.org/minimist/-/minimist-0.0.8.tgz#857fcabfc3397d2625b8228262e86aa7a011b05d"

minimist@^1.2.0:
  version "1.2.0"
  resolved "http://registry.npmjs.org/minimist/-/minimist-1.2.0.tgz#a35008b20f41383eec1fb914f4cd5df79a264284"

mkdirp@0.x:
  version "0.5.1"
  resolved "http://registry.npmjs.org/mkdirp/-/mkdirp-0.5.1.tgz#30057438eac6cf7f8c4767f38648d6697d75c903"
  dependencies:
    minimist "0.0.8"

mobx-react@^5.2.8:
  version "5.2.8"
  resolved "https://registry.yarnpkg.com/mobx-react/-/mobx-react-5.2.8.tgz#059c7f29254d7cd36e103d79113103b40348d3bf"
  dependencies:
    hoist-non-react-statics "^2.5.0"
    react-lifecycles-compat "^3.0.2"

mobx@^5.5.0:
  version "5.5.0"
  resolved "https://registry.yarnpkg.com/mobx/-/mobx-5.5.0.tgz#a29f6a7526eed28edcd3f0e921a1edaa8bb22575"

react-lifecycles-compat@^3.0.2:
  version "3.0.4"
  resolved "https://registry.yarnpkg.com/react-lifecycles-compat/-/react-lifecycles-compat-3.0.4.tgz#4f1a273afdfc8f3488a8c516bfda78f872352362"

reflect-metadata@^0.1.12:
  version "0.1.12"
  resolved "https://registry.yarnpkg.com/reflect-metadata/-/reflect-metadata-0.1.12.tgz#311bf0c6b63cd782f228a81abe146a2bfa9c56f2"

semver@5.x:
  version "5.5.1"
  resolved "https://registry.yarnpkg.com/semver/-/semver-5.5.1.tgz#7dfdd8814bdb7cabc7be0fb1d734cfb66c940477"

sprintf-js@~1.0.2:
  version "1.0.3"
  resolved "https://registry.yarnpkg.com/sprintf-js/-/sprintf-js-1.0.3.tgz#04e6926f662895354f3dd015203633b857297e2c"

ts-jest@^23.10.2:
  version "23.10.2"
  resolved "https://registry.yarnpkg.com/ts-jest/-/ts-jest-23.10.2.tgz#10212ec4aba3cb6c75578b09460589ee80cf527a"
  dependencies:
    bs-logger "0.x"
    buffer-from "1.x"
    fast-json-stable-stringify "2.x"
    json5 "2.x"
    make-error "1.x"
    mkdirp "0.x"
    semver "5.x"
    yargs-parser "10.x"

ts-mockito@^2.3.1:
  version "2.3.1"
  resolved "https://registry.yarnpkg.com/ts-mockito/-/ts-mockito-2.3.1.tgz#4c3467a2ddeb207966000a740a0826c970125ed1"
  dependencies:
    lodash "^4.17.5"

typescript@^3.1.1:
  version "3.1.1"
  resolved "https://registry.yarnpkg.com/typescript/-/typescript-3.1.1.tgz#3362ba9dd1e482ebb2355b02dfe8bcd19a2c7c96"

typescript@~3.0.1:
  version "3.0.3"
  resolved "https://registry.yarnpkg.com/typescript/-/typescript-3.0.3.tgz#4853b3e275ecdaa27f78fda46dc273a7eb7fc1c8"

universalify@^0.1.0:
  version "0.1.2"
  resolved "https://registry.yarnpkg.com/universalify/-/universalify-0.1.2.tgz#b646f69be3942dabcecc9d6639c80dc105efaa66"

validator@^8.0.0:
  version "8.2.0"
  resolved "https://registry.yarnpkg.com/validator/-/validator-8.2.0.tgz#3c1237290e37092355344fef78c231249dab77b9"

yargs-parser@10.x:
  version "10.1.0"
  resolved "https://registry.yarnpkg.com/yargs-parser/-/yargs-parser-10.1.0.tgz#7202265b89f7e9e9f2e5765e0fe735a905edbaa8"
  dependencies:
    camelcase "^4.1.0"

z-schema@~3.18.3:
  version "3.18.4"
  resolved "https://registry.yarnpkg.com/z-schema/-/z-schema-3.18.4.tgz#ea8132b279533ee60be2485a02f7e3e42541a9a2"
  dependencies:
    lodash.get "^4.0.0"
    lodash.isequal "^4.0.0"
    validator "^8.0.0"
  optionalDependencies:
    commander "^2.7.1"
